
Microsoft Visual Studio Solution File, Format Version 12.00
# Visual Studio Version 17
VisualStudioVersion = 17.3.32819.101
MinimumVisualStudioVersion = 10.0.40219.1
Project("{FAE04EC0-301F-11D3-BF4B-00C04F79EFBC}") = "Lineear_Equations_Systems", "Lineear_Equations_Systems.csproj", "{A5E8E48F-725A-4F7B-A681-35B0AC1355CA}"
EndProject
Global
	GlobalSection(SolutionConfigurationPlatforms) = preSolution
		Debug|Any CPU = Debug|Any CPU
		Release|Any CPU = Release|Any CPU
	EndGlobalSection
	GlobalSection(ProjectConfigurationPlatforms) = postSolution
		{A5E8E48F-725A-4F7B-A681-35B0AC1355CA}.Debug|Any CPU.ActiveCfg = Debug|Any CPU
		{A5E8E48F-725A-4F7B-A681-35B0AC1355CA}.Debug|Any CPU.Build.0 = Debug|Any CPU
		{A5E8E48F-725A-4F7B-A681-35B0AC1355CA}.Release|Any CPU.ActiveCfg = Release|Any CPU
		{A5E8E48F-725A-4F7B-A681-35B0AC1355CA}.Release|Any CPU.Build.0 = Release|Any CPU
	EndGlobalSection
	GlobalSection(SolutionProperties) = preSolution
		HideSolutionNode = FALSE
	EndGlobalSection
	GlobalSection(ExtensibilityGlobals) = postSolution
		SolutionGuid = {DD3282C9-E105-4E2F-9CB5-4FBE2DE00386}
	EndGlobalSection
EndGlobal
